
Microsoft Visual Studio Solution File, Format Version 12.00
# Visual Studio Version 16
VisualStudioVersion = 16.0.31005.135
MinimumVisualStudioVersion = 10.0.40219.1
Project("{FAE04EC0-301F-11D3-BF4B-00C04F79EFBC}") = "API", "API\API.csproj", "{BC58071B-734C-402D-A050-B3892D917CFE}"
EndProject
Global
	GlobalSection(SolutionConfigurationPlatforms) = preSolution
		Debug|Any CPU = Debug|Any CPU
		Release|Any CPU = Release|Any CPU
	EndGlobalSection
	GlobalSection(ProjectConfigurationPlatforms) = postSolution
		{BC58071B-734C-402D-A050-B3892D917CFE}.Debug|Any CPU.ActiveCfg = Debug|Any CPU
		{BC58071B-734C-402D-A050-B3892D917CFE}.Debug|Any CPU.Build.0 = Debug|Any CPU
		{BC58071B-734C-402D-A050-B3892D917CFE}.Release|Any CPU.ActiveCfg = Release|Any CPU
		{BC58071B-734C-402D-A050-B3892D917CFE}.Release|Any CPU.Build.0 = Release|Any CPU
	EndGlobalSection
	GlobalSection(SolutionProperties) = preSolution
		HideSolutionNode = FALSE
	EndGlobalSection
	GlobalSection(ExtensibilityGlobals) = postSolution
		SolutionGuid = {2A063811-7BA3-4353-BA9F-DE7867989948}
	EndGlobalSection
EndGlobal
